{
  "pins" : [
    {
      "identity" : "bigint",
      "kind" : "remoteSourceControl",
      "location" : "https://github.com/attaswift/BigInt",
      "state" : {
        "revision" : "0ed110f7555c34ff468e72e1686e59721f2b0da6",
        "version" : "5.3.0"
      }
    },
    {
      "identity" : "cwlcatchexception",
      "kind" : "remoteSourceControl",
      "location" : "https://github.com/mattgallagher/CwlCatchException.git",
      "state" : {
        "revision" : "35f9e770f54ce62dd8526470f14c6e137cef3eea",
        "version" : "2.1.1"
      }
    },
    {
      "identity" : "cwlpreconditiontesting",
      "kind" : "remoteSourceControl",
      "location" : "https://github.com/mattgallagher/CwlPreconditionTesting.git",
      "state" : {
        "revision" : "c21f7bab5ca8eee0a9998bbd17ca1d0eb45d4688",
        "version" : "2.1.0"
      }
    },
    {
      "identity" : "generic-json-swift",
      "kind" : "remoteSourceControl",
      "location" : "https://github.com/zoul/generic-json-swift",
      "state" : {
        "revision" : "a137894b2a217abe489cdf1ea287e6f7819b1051",
        "version" : "2.0.1"
      }
    },
    {
      "identity" : "nimble",
      "kind" : "remoteSourceControl",
      "location" : "https://github.com/Quick/Nimble.git",
      "state" : {
        "revision" : "1f3bde57bde12f5e7b07909848c071e9b73d6edc",
        "version" : "10.0.0"
      }
    },
    {
      "identity" : "opencombine",
      "kind" : "remoteSourceControl",
      "location" : "https://github.com/OpenCombine/OpenCombine.git",
      "state" : {
        "revision" : "9cf67e363738dbab61b47fb5eaed78d3db31e5ee",
        "version" : "0.13.0"
      }
    },
    {
      "identity" : "quick",
      "kind" : "remoteSourceControl",
      "location" : "https://github.com/Quick/Quick.git",
      "state" : {
        "revision" : "f9d519828bb03dfc8125467d8f7b93131951124c",
        "version" : "5.0.1"
      }
    },
    {
      "identity" : "secp256k1.swift",
      "kind" : "remoteSourceControl",
      "location" : "https://github.com/GigaBitcoin/secp256k1.swift.git",
      "state" : {
        "revision" : "847f56717138cb3ae53896f1912b1f38a274d2fe",
        "version" : "0.9.1"
      }
    },
    {
      "identity" : "web3.swift",
      "kind" : "remoteSourceControl",
      "location" : "https://github.com/argentlabs/web3.swift",
      "state" : {
        "revision" : "9d43f22a24970d6205e0f9f4d09224c341240072",
        "version" : "1.2.0"
      }
    }
  ],
  "version" : 2
}
